
Microsoft Visual Studio Solution File, Format Version 10.00
# Visual Basic Express 2008
Project("{5CDA7A70-2688-4A7A-8F39-D2382B61B0FB}") = "Slabify", "Slabify\Slabify.vbproj", "{5CDA7A70-2688-4A7A-8F39-D2382B61B0FB}"
EndProject
Global
	GlobalSection(SolutionConfigurationPlatforms) = preSolution
		Debug|Any CPU = Debug|Any CPU
		Release|Any CPU = Release|Any CPU
	EndGlobalSection
	GlobalSection(ProjectConfigurationPlatforms) = postSolution
		{5CDA7A70-2688-4A7A-8F39-D2382B61B0FB}.Debug|Any CPU.ActiveCfg = Debug|Any CPU
		{5CDA7A70-2688-4A7A-8F39-D2382B61B0FB}.Debug|Any CPU.Build.0 = Debug|Any CPU
		{5CDA7A70-2688-4A7A-8F39-D2382B61B0FB}.Release|Any CPU.ActiveCfg = Release|Any CPU
		{5CDA7A70-2688-4A7A-8F39-D2382B61B0FB}.Release|Any CPU.Build.0 = Release|Any CPU
	EndGlobalSection
	GlobalSection(SolutionProperties) = preSolution
		HideSolutionNode = FALSE
	EndGlobalSection
EndGlobal
